
Microsoft Visual Studio Solution File, Format Version 12.00
# Visual Studio Version 17
VisualStudioVersion = 17.9.34714.143
MinimumVisualStudioVersion = 10.0.40219.1
Project("{FAE04EC0-301F-11D3-BF4B-00C04F79EFBC}") = "APIFUN", "APIFUN.csproj", "{0A829958-9006-4A00-A011-5C5EBEB346AF}"
EndProject
Global
	GlobalSection(SolutionConfigurationPlatforms) = preSolution
		Debug|Any CPU = Debug|Any CPU
		Release|Any CPU = Release|Any CPU
	EndGlobalSection
	GlobalSection(ProjectConfigurationPlatforms) = postSolution
		{0A829958-9006-4A00-A011-5C5EBEB346AF}.Debug|Any CPU.ActiveCfg = Debug|Any CPU
		{0A829958-9006-4A00-A011-5C5EBEB346AF}.Debug|Any CPU.Build.0 = Debug|Any CPU
		{0A829958-9006-4A00-A011-5C5EBEB346AF}.Release|Any CPU.ActiveCfg = Release|Any CPU
		{0A829958-9006-4A00-A011-5C5EBEB346AF}.Release|Any CPU.Build.0 = Release|Any CPU
	EndGlobalSection
	GlobalSection(SolutionProperties) = preSolution
		HideSolutionNode = FALSE
	EndGlobalSection
	GlobalSection(ExtensibilityGlobals) = postSolution
		SolutionGuid = {9F93E6E3-81C5-452F-9DD7-D3105E192949}
	EndGlobalSection
EndGlobal
